// !$*UTF8*$!
{
	archiveVersion = 1;
	classes = {
	};
	objectVersion = 46;
	objects = {

/* Begin PBXBuildFile section */
		EF8DAA2313EE163300FF10E9 /* Cocoa.framework in Frameworks */ = {isa = PBXBuildFile; fileRef = EF8DAA2213EE163300FF10E9 /* Cocoa.framework */; };
		EF8DAA2D13EE163300FF10E9 /* InfoPlist.strings in Resources */ = {isa = PBXBuildFile; fileRef = EF8DAA2B13EE163300FF10E9 /* InfoPlist.strings */; };
		EF8DAA2F13EE163300FF10E9 /* main.m in Sources */ = {isa = PBXBuildFile; fileRef = EF8DAA2E13EE163300FF10E9 /* main.m */; };
		EF8DAA3313EE163300FF10E9 /* Credits.rtf in Resources */ = {isa = PBXBuildFile; fileRef = EF8DAA3113EE163300FF10E9 /* Credits.rtf */; };
		EF8DAA3613EE163300FF10E9 /* XPC_CalcAppDelegate.m in Sources */ = {isa = PBXBuildFile; fileRef = EF8DAA3513EE163300FF10E9 /* XPC_CalcAppDelegate.m */; };
		EF8DAA3913EE163400FF10E9 /* MainMenu.xib in Resources */ = {isa = PBXBuildFile; fileRef = EF8DAA3713EE163400FF10E9 /* MainMenu.xib */; };
		EF8DAA4C13EE165600FF10E9 /* InfoPlist.strings in Resources */ = {isa = PBXBuildFile; fileRef = EF8DAA4A13EE165600FF10E9 /* InfoPlist.strings */; };
		EF8DAA4F13EE165600FF10E9 /* main.m in Sources */ = {isa = PBXBuildFile; fileRef = EF8DAA4E13EE165600FF10E9 /* main.m */; };
		EF8DAA6013EE578800FF10E9 /* xpc-calc-service.xpc in Copy XPC Services */ = {isa = PBXBuildFile; fileRef = EF8DAA4613EE165600FF10E9 /* xpc-calc-service.xpc */; };
		EFCF90BB13EF5549007E5F51 /* xpc-calc-service-hs.xpc in Copy XPC Services */ = {isa = PBXBuildFile; fileRef = EFEDB30D13EEFE6400430981 /* xpc-calc-service-hs.xpc */; };
		EFEDB30713EE6EA200430981 /* Foundation.framework in Frameworks */ = {isa = PBXBuildFile; fileRef = EF8DAA2713EE163300FF10E9 /* Foundation.framework */; };
		EFEDB31313EEFE6400430981 /* InfoPlist.strings in Resources */ = {isa = PBXBuildFile; fileRef = EFEDB31113EEFE6400430981 /* InfoPlist.strings */; };
/* End PBXBuildFile section */

/* Begin PBXCopyFilesBuildPhase section */
		EF8DAA5F13EE576E00FF10E9 /* Copy XPC Services */ = {
			isa = PBXCopyFilesBuildPhase;
			buildActionMask = 2147483647;
			dstPath = Contents/XPCServices;
			dstSubfolderSpec = 1;
			files = (
				EFCF90BB13EF5549007E5F51 /* xpc-calc-service-hs.xpc in Copy XPC Services */,
				EF8DAA6013EE578800FF10E9 /* xpc-calc-service.xpc in Copy XPC Services */,
			);
			name = "Copy XPC Services";
			runOnlyForDeploymentPostprocessing = 0;
		};
/* End PBXCopyFilesBuildPhase section */

/* Begin PBXFileReference section */
		EF60B56413EF43F300B4D22E /* main.c */ = {isa = PBXFileReference; fileEncoding = 4; lastKnownFileType = sourcecode.c.c; path = main.c; sourceTree = "<group>"; };
		EF60B56513EF453600B4D22E /* HsXPC.hs */ = {isa = PBXFileReference; fileEncoding = 4; lastKnownFileType = text; path = HsXPC.hs; sourceTree = "<group>"; };
		EF8DAA1E13EE163300FF10E9 /* XPC Calc.app */ = {isa = PBXFileReference; explicitFileType = wrapper.application; includeInIndex = 0; path = "XPC Calc.app"; sourceTree = BUILT_PRODUCTS_DIR; };
		EF8DAA2213EE163300FF10E9 /* Cocoa.framework */ = {isa = PBXFileReference; lastKnownFileType = wrapper.framework; name = Cocoa.framework; path = System/Library/Frameworks/Cocoa.framework; sourceTree = SDKROOT; };
		EF8DAA2513EE163300FF10E9 /* AppKit.framework */ = {isa = PBXFileReference; lastKnownFileType = wrapper.framework; name = AppKit.framework; path = System/Library/Frameworks/AppKit.framework; sourceTree = SDKROOT; };
		EF8DAA2613EE163300FF10E9 /* CoreData.framework */ = {isa = PBXFileReference; lastKnownFileType = wrapper.framework; name = CoreData.framework; path = System/Library/Frameworks/CoreData.framework; sourceTree = SDKROOT; };
		EF8DAA2713EE163300FF10E9 /* Foundation.framework */ = {isa = PBXFileReference; lastKnownFileType = wrapper.framework; name = Foundation.framework; path = System/Library/Frameworks/Foundation.framework; sourceTree = SDKROOT; };
		EF8DAA2A13EE163300FF10E9 /* XPC Calc-Info.plist */ = {isa = PBXFileReference; lastKnownFileType = text.plist.xml; path = "XPC Calc-Info.plist"; sourceTree = "<group>"; };
		EF8DAA2C13EE163300FF10E9 /* en */ = {isa = PBXFileReference; lastKnownFileType = text.plist.strings; name = en; path = en.lproj/InfoPlist.strings; sourceTree = "<group>"; };
		EF8DAA2E13EE163300FF10E9 /* main.m */ = {isa = PBXFileReference; lastKnownFileType = sourcecode.c.objc; path = main.m; sourceTree = "<group>"; };
		EF8DAA3013EE163300FF10E9 /* XPC Calc-Prefix.pch */ = {isa = PBXFileReference; lastKnownFileType = sourcecode.c.h; path = "XPC Calc-Prefix.pch"; sourceTree = "<group>"; };
		EF8DAA3213EE163300FF10E9 /* en */ = {isa = PBXFileReference; lastKnownFileType = text.rtf; name = en; path = en.lproj/Credits.rtf; sourceTree = "<group>"; };
		EF8DAA3413EE163300FF10E9 /* XPC_CalcAppDelegate.h */ = {isa = PBXFileReference; lastKnownFileType = sourcecode.c.h; path = XPC_CalcAppDelegate.h; sourceTree = "<group>"; };
		EF8DAA3513EE163300FF10E9 /* XPC_CalcAppDelegate.m */ = {isa = PBXFileReference; lastKnownFileType = sourcecode.c.objc; path = XPC_CalcAppDelegate.m; sourceTree = "<group>"; };
		EF8DAA3813EE163400FF10E9 /* en */ = {isa = PBXFileReference; lastKnownFileType = file.xib; name = en; path = en.lproj/MainMenu.xib; sourceTree = "<group>"; };
		EF8DAA4613EE165600FF10E9 /* xpc-calc-service.xpc */ = {isa = PBXFileReference; explicitFileType = wrapper.cfbundle; includeInIndex = 0; path = "xpc-calc-service.xpc"; sourceTree = BUILT_PRODUCTS_DIR; };
		EF8DAA4913EE165600FF10E9 /* XPC Calc Service-Info.plist */ = {isa = PBXFileReference; lastKnownFileType = text.plist.xml; path = "XPC Calc Service-Info.plist"; sourceTree = "<group>"; };
		EF8DAA4B13EE165600FF10E9 /* en */ = {isa = PBXFileReference; lastKnownFileType = text.plist.strings; name = en; path = en.lproj/InfoPlist.strings; sourceTree = "<group>"; };
		EF8DAA4D13EE165600FF10E9 /* XPC Calc Service-Prefix.pch */ = {isa = PBXFileReference; lastKnownFileType = sourcecode.c.h; path = "XPC Calc Service-Prefix.pch"; sourceTree = "<group>"; };
		EF8DAA4E13EE165600FF10E9 /* main.m */ = {isa = PBXFileReference; explicitFileType = sourcecode.c.objc; path = main.m; sourceTree = "<group>"; };
		EFEDB30413EE6A2F00430981 /* Shared.h */ = {isa = PBXFileReference; fileEncoding = 4; lastKnownFileType = sourcecode.c.h; path = Shared.h; sourceTree = "<group>"; };
		EFEDB30D13EEFE6400430981 /* xpc-calc-service-hs.xpc */ = {isa = PBXFileReference; explicitFileType = wrapper.cfbundle; includeInIndex = 0; path = "xpc-calc-service-hs.xpc"; sourceTree = BUILT_PRODUCTS_DIR; };
		EFEDB31013EEFE6400430981 /* xpc-calc-service-hs-Info.plist */ = {isa = PBXFileReference; lastKnownFileType = text.plist.xml; path = "xpc-calc-service-hs-Info.plist"; sourceTree = "<group>"; };
		EFEDB31213EEFE6400430981 /* en */ = {isa = PBXFileReference; lastKnownFileType = text.plist.strings; name = en; path = en.lproj/InfoPlist.strings; sourceTree = "<group>"; };
		EFEDB31413EEFE6400430981 /* xpc-calc-service-hs-Prefix.pch */ = {isa = PBXFileReference; lastKnownFileType = sourcecode.c.h; path = "xpc-calc-service-hs-Prefix.pch"; sourceTree = "<group>"; };
/* End PBXFileReference section */

/* Begin PBXFrameworksBuildPhase section */
		EF8DAA1B13EE163300FF10E9 /* Frameworks */ = {
			isa = PBXFrameworksBuildPhase;
			buildActionMask = 2147483647;
			files = (
				EF8DAA2313EE163300FF10E9 /* Cocoa.framework in Frameworks */,
			);
			runOnlyForDeploymentPostprocessing = 0;
		};
		EF8DAA4313EE165600FF10E9 /* Frameworks */ = {
			isa = PBXFrameworksBuildPhase;
			buildActionMask = 2147483647;
			files = (
				EFEDB30713EE6EA200430981 /* Foundation.framework in Frameworks */,
			);
			runOnlyForDeploymentPostprocessing = 0;
		};
/* End PBXFrameworksBuildPhase section */

/* Begin PBXGroup section */
		EF8DAA1313EE163300FF10E9 = {
			isa = PBXGroup;
			children = (
				EFEDB30413EE6A2F00430981 /* Shared.h */,
				EF8DAA2813EE163300FF10E9 /* XPC Calc */,
				EF8DAA4713EE165600FF10E9 /* XPC Calc Service */,
				EFEDB30E13EEFE6400430981 /* xpc-calc-service-hs */,
				EF8DAA2113EE163300FF10E9 /* Frameworks */,
				EF8DAA1F13EE163300FF10E9 /* Products */,
			);
			sourceTree = "<group>";
		};
		EF8DAA1F13EE163300FF10E9 /* Products */ = {
			isa = PBXGroup;
			children = (
				EF8DAA1E13EE163300FF10E9 /* XPC Calc.app */,
				EF8DAA4613EE165600FF10E9 /* xpc-calc-service.xpc */,
				EFEDB30D13EEFE6400430981 /* xpc-calc-service-hs.xpc */,
			);
			name = Products;
			sourceTree = "<group>";
		};
		EF8DAA2113EE163300FF10E9 /* Frameworks */ = {
			isa = PBXGroup;
			children = (
				EF8DAA2213EE163300FF10E9 /* Cocoa.framework */,
				EF8DAA2413EE163300FF10E9 /* Other Frameworks */,
			);
			name = Frameworks;
			sourceTree = "<group>";
		};
		EF8DAA2413EE163300FF10E9 /* Other Frameworks */ = {
			isa = PBXGroup;
			children = (
				EF8DAA2713EE163300FF10E9 /* Foundation.framework */,
				EF8DAA2513EE163300FF10E9 /* AppKit.framework */,
				EF8DAA2613EE163300FF10E9 /* CoreData.framework */,
			);
			name = "Other Frameworks";
			sourceTree = "<group>";
		};
		EF8DAA2813EE163300FF10E9 /* XPC Calc */ = {
			isa = PBXGroup;
			children = (
				EF8DAA3413EE163300FF10E9 /* XPC_CalcAppDelegate.h */,
				EF8DAA3513EE163300FF10E9 /* XPC_CalcAppDelegate.m */,
				EF8DAA3713EE163400FF10E9 /* MainMenu.xib */,
				EF8DAA2913EE163300FF10E9 /* Supporting Files */,
			);
			path = "XPC Calc";
			sourceTree = "<group>";
		};
		EF8DAA2913EE163300FF10E9 /* Supporting Files */ = {
			isa = PBXGroup;
			children = (
				EF8DAA2A13EE163300FF10E9 /* XPC Calc-Info.plist */,
				EF8DAA2B13EE163300FF10E9 /* InfoPlist.strings */,
				EF8DAA2E13EE163300FF10E9 /* main.m */,
				EF8DAA3013EE163300FF10E9 /* XPC Calc-Prefix.pch */,
				EF8DAA3113EE163300FF10E9 /* Credits.rtf */,
			);
			name = "Supporting Files";
			sourceTree = "<group>";
		};
		EF8DAA4713EE165600FF10E9 /* XPC Calc Service */ = {
			isa = PBXGroup;
			children = (
				EF8DAA4E13EE165600FF10E9 /* main.m */,
				EF8DAA4813EE165600FF10E9 /* Supporting Files */,
			);
			path = "XPC Calc Service";
			sourceTree = "<group>";
		};
		EF8DAA4813EE165600FF10E9 /* Supporting Files */ = {
			isa = PBXGroup;
			children = (
				EF8DAA4913EE165600FF10E9 /* XPC Calc Service-Info.plist */,
				EF8DAA4A13EE165600FF10E9 /* InfoPlist.strings */,
				EF8DAA4D13EE165600FF10E9 /* XPC Calc Service-Prefix.pch */,
			);
			name = "Supporting Files";
			sourceTree = "<group>";
		};
		EFEDB30E13EEFE6400430981 /* xpc-calc-service-hs */ = {
			isa = PBXGroup;
			children = (
				EF60B56413EF43F300B4D22E /* main.c */,
				EFEDB30F13EEFE6400430981 /* Supporting Files */,
				EF60B56513EF453600B4D22E /* HsXPC.hs */,
			);
			path = "xpc-calc-service-hs";
			sourceTree = "<group>";
		};
		EFEDB30F13EEFE6400430981 /* Supporting Files */ = {
			isa = PBXGroup;
			children = (
				EFEDB31013EEFE6400430981 /* xpc-calc-service-hs-Info.plist */,
				EFEDB31113EEFE6400430981 /* InfoPlist.strings */,
				EFEDB31413EEFE6400430981 /* xpc-calc-service-hs-Prefix.pch */,
			);
			name = "Supporting Files";
			sourceTree = "<group>";
		};
/* End PBXGroup section */

/* Begin PBXNativeTarget section */
		EF8DAA1D13EE163300FF10E9 /* XPC Calc */ = {
			isa = PBXNativeTarget;
			buildConfigurationList = EF8DAA3F13EE163400FF10E9 /* Build configuration list for PBXNativeTarget "XPC Calc" */;
			buildPhases = (
				EF8DAA1A13EE163300FF10E9 /* Sources */,
				EF8DAA1B13EE163300FF10E9 /* Frameworks */,
				EF8DAA1C13EE163300FF10E9 /* Resources */,
				EF8DAA5F13EE576E00FF10E9 /* Copy XPC Services */,
			);
			buildRules = (
			);
			dependencies = (
			);
			name = "XPC Calc";
			productName = "XPC Calc";
			productReference = EF8DAA1E13EE163300FF10E9 /* XPC Calc.app */;
			productType = "com.apple.product-type.application";
		};
		EF8DAA4513EE165600FF10E9 /* xpc-calc-service */ = {
			isa = PBXNativeTarget;
			buildConfigurationList = EF8DAA5013EE165600FF10E9 /* Build configuration list for PBXNativeTarget "xpc-calc-service" */;
			buildPhases = (
				EF8DAA4213EE165600FF10E9 /* Sources */,
				EF8DAA4313EE165600FF10E9 /* Frameworks */,
				EF8DAA4413EE165600FF10E9 /* Resources */,
			);
			buildRules = (
			);
			dependencies = (
			);
			name = "xpc-calc-service";
			productName = "XPC Calc Service";
			productReference = EF8DAA4613EE165600FF10E9 /* xpc-calc-service.xpc */;
			productType = "com.apple.product-type.bundle";
		};
		EFEDB30C13EEFE6400430981 /* xpc-calc-service-hs */ = {
			isa = PBXNativeTarget;
			buildConfigurationList = EFEDB31713EEFE6400430981 /* Build configuration list for PBXNativeTarget "xpc-calc-service-hs" */;
			buildPhases = (
				EFEDB30B13EEFE6400430981 /* Resources */,
				EFE5A65413EF20760079E261 /* ShellScript */,
			);
			buildRules = (
			);
			dependencies = (
			);
			name = "xpc-calc-service-hs";
			productName = "xpc-calc-service-hs";
			productReference = EFEDB30D13EEFE6400430981 /* xpc-calc-service-hs.xpc */;
			productType = "com.apple.product-type.bundle";
		};
/* End PBXNativeTarget section */

/* Begin PBXProject section */
		EF8DAA1513EE163300FF10E9 /* Project object */ = {
			isa = PBXProject;
			buildConfigurationList = EF8DAA1813EE163300FF10E9 /* Build configuration list for PBXProject "XPC Calc" */;
			compatibilityVersion = "Xcode 3.2";
			developmentRegion = English;
			hasScannedForEncodings = 0;
			knownRegions = (
				en,
			);
			mainGroup = EF8DAA1313EE163300FF10E9;
			productRefGroup = EF8DAA1F13EE163300FF10E9 /* Products */;
			projectDirPath = "";
			projectRoot = "";
			targets = (
				EF8DAA1D13EE163300FF10E9 /* XPC Calc */,
				EF8DAA4513EE165600FF10E9 /* xpc-calc-service */,
				EFEDB30C13EEFE6400430981 /* xpc-calc-service-hs */,
			);
		};
/* End PBXProject section */

/* Begin PBXResourcesBuildPhase section */
		EF8DAA1C13EE163300FF10E9 /* Resources */ = {
			isa = PBXResourcesBuildPhase;
			buildActionMask = 2147483647;
			files = (
				EF8DAA2D13EE163300FF10E9 /* InfoPlist.strings in Resources */,
				EF8DAA3313EE163300FF10E9 /* Credits.rtf in Resources */,
				EF8DAA3913EE163400FF10E9 /* MainMenu.xib in Resources */,
			);
			runOnlyForDeploymentPostprocessing = 0;
		};
		EF8DAA4413EE165600FF10E9 /* Resources */ = {
			isa = PBXResourcesBuildPhase;
			buildActionMask = 2147483647;
			files = (
				EF8DAA4C13EE165600FF10E9 /* InfoPlist.strings in Resources */,
			);
			runOnlyForDeploymentPostprocessing = 0;
		};
		EFEDB30B13EEFE6400430981 /* Resources */ = {
			isa = PBXResourcesBuildPhase;
			buildActionMask = 2147483647;
			files = (
				EFEDB31313EEFE6400430981 /* InfoPlist.strings in Resources */,
			);
			runOnlyForDeploymentPostprocessing = 0;
		};
/* End PBXResourcesBuildPhase section */

/* Begin PBXShellScriptBuildPhase section */
		EFE5A65413EF20760079E261 /* ShellScript */ = {
			isa = PBXShellScriptBuildPhase;
			buildActionMask = 2147483647;
			files = (
			);
			inputPaths = (
				"$(SRCROOT)/xpc-calc-service-hs/*",
			);
			outputPaths = (
			);
			runOnlyForDeploymentPostprocessing = 0;
			shellPath = /bin/sh;
			shellScript = "mkdir -p \"$BUILT_PRODUCTS_DIR/$EXECUTABLE_FOLDER_PATH\"\nghc -c -outputdir \"$DERIVED_FILES_DIR\" \"-i$DERIVED_FILES_DIR\" \"$SRCROOT/xpc-calc-service-hs/HsXPC.hs\"\nghc --make -no-hs-main -outputdir \"$DERIVED_FILES_DIR\" \"-i$DERIVED_FILES_DIR\"  -o \"$BUILT_PRODUCTS_DIR/$EXECUTABLE_FOLDER_PATH/xpc-calc-service-hs\" \"$SRCROOT/xpc-calc-service-hs/HsXPC.hs\" \"$SRCROOT/xpc-calc-service-hs/main.c\"\n";
		};
/* End PBXShellScriptBuildPhase section */

/* Begin PBXSourcesBuildPhase section */
		EF8DAA1A13EE163300FF10E9 /* Sources */ = {
			isa = PBXSourcesBuildPhase;
			buildActionMask = 2147483647;
			files = (
				EF8DAA2F13EE163300FF10E9 /* main.m in Sources */,
				EF8DAA3613EE163300FF10E9 /* XPC_CalcAppDelegate.m in Sources */,
			);
			runOnlyForDeploymentPostprocessing = 0;
		};
		EF8DAA4213EE165600FF10E9 /* Sources */ = {
			isa = PBXSourcesBuildPhase;
			buildActionMask = 2147483647;
			files = (
				EF8DAA4F13EE165600FF10E9 /* main.m in Sources */,
			);
			runOnlyForDeploymentPostprocessing = 0;
		};
/* End PBXSourcesBuildPhase section */

/* Begin PBXVariantGroup section */
		EF8DAA2B13EE163300FF10E9 /* InfoPlist.strings */ = {
			isa = PBXVariantGroup;
			children = (
				EF8DAA2C13EE163300FF10E9 /* en */,
			);
			name = InfoPlist.strings;
			sourceTree = "<group>";
		};
		EF8DAA3113EE163300FF10E9 /* Credits.rtf */ = {
			isa = PBXVariantGroup;
			children = (
				EF8DAA3213EE163300FF10E9 /* en */,
			);
			name = Credits.rtf;
			sourceTree = "<group>";
		};
		EF8DAA3713EE163400FF10E9 /* MainMenu.xib */ = {
			isa = PBXVariantGroup;
			children = (
				EF8DAA3813EE163400FF10E9 /* en */,
			);
			name = MainMenu.xib;
			sourceTree = "<group>";
		};
		EF8DAA4A13EE165600FF10E9 /* InfoPlist.strings */ = {
			isa = PBXVariantGroup;
			children = (
				EF8DAA4B13EE165600FF10E9 /* en */,
			);
			name = InfoPlist.strings;
			sourceTree = "<group>";
		};
		EFEDB31113EEFE6400430981 /* InfoPlist.strings */ = {
			isa = PBXVariantGroup;
			children = (
				EFEDB31213EEFE6400430981 /* en */,
			);
			name = InfoPlist.strings;
			sourceTree = "<group>";
		};
/* End PBXVariantGroup section */

/* Begin XCBuildConfiguration section */
		EF8DAA3D13EE163400FF10E9 /* Debug */ = {
			isa = XCBuildConfiguration;
			buildSettings = {
				ALWAYS_SEARCH_USER_PATHS = NO;
				ARCHS = "$(ARCHS_STANDARD_64_BIT)";
				COPY_PHASE_STRIP = NO;
				GCC_C_LANGUAGE_STANDARD = gnu99;
				GCC_DYNAMIC_NO_PIC = NO;
				GCC_ENABLE_OBJC_EXCEPTIONS = YES;
				GCC_OPTIMIZATION_LEVEL = 0;
				GCC_PREPROCESSOR_DEFINITIONS = (
					"DEBUG=1",
					"$(inherited)",
				);
				GCC_SYMBOLS_PRIVATE_EXTERN = NO;
				GCC_VERSION = com.apple.compilers.llvm.clang.1_0;
				GCC_WARN_64_TO_32_BIT_CONVERSION = YES;
				GCC_WARN_ABOUT_MISSING_PROTOTYPES = YES;
				GCC_WARN_ABOUT_RETURN_TYPE = YES;
				GCC_WARN_UNUSED_VARIABLE = YES;
				MACOSX_DEPLOYMENT_TARGET = 10.7;
				ONLY_ACTIVE_ARCH = YES;
				SDKROOT = macosx;
			};
			name = Debug;
		};
		EF8DAA3E13EE163400FF10E9 /* Release */ = {
			isa = XCBuildConfiguration;
			buildSettings = {
				ALWAYS_SEARCH_USER_PATHS = NO;
				ARCHS = "$(ARCHS_STANDARD_64_BIT)";
				COPY_PHASE_STRIP = YES;
				DEBUG_INFORMATION_FORMAT = "dwarf-with-dsym";
				GCC_C_LANGUAGE_STANDARD = gnu99;
				GCC_ENABLE_OBJC_EXCEPTIONS = YES;
				GCC_VERSION = com.apple.compilers.llvm.clang.1_0;
				GCC_WARN_64_TO_32_BIT_CONVERSION = YES;
				GCC_WARN_ABOUT_MISSING_PROTOTYPES = YES;
				GCC_WARN_ABOUT_RETURN_TYPE = YES;
				GCC_WARN_UNUSED_VARIABLE = YES;
				MACOSX_DEPLOYMENT_TARGET = 10.7;
				SDKROOT = macosx;
			};
			name = Release;
		};
		EF8DAA4013EE163400FF10E9 /* Debug */ = {
			isa = XCBuildConfiguration;
			buildSettings = {
				GCC_PRECOMPILE_PREFIX_HEADER = YES;
				GCC_PREFIX_HEADER = "XPC Calc/XPC Calc-Prefix.pch";
				INFOPLIST_FILE = "XPC Calc/XPC Calc-Info.plist";
				PRODUCT_NAME = "$(TARGET_NAME)";
				WRAPPER_EXTENSION = app;
			};
			name = Debug;
		};
		EF8DAA4113EE163400FF10E9 /* Release */ = {
			isa = XCBuildConfiguration;
			buildSettings = {
				GCC_PRECOMPILE_PREFIX_HEADER = YES;
				GCC_PREFIX_HEADER = "XPC Calc/XPC Calc-Prefix.pch";
				INFOPLIST_FILE = "XPC Calc/XPC Calc-Info.plist";
				PRODUCT_NAME = "$(TARGET_NAME)";
				WRAPPER_EXTENSION = app;
			};
			name = Release;
		};
		EF8DAA5113EE165600FF10E9 /* Debug */ = {
			isa = XCBuildConfiguration;
			buildSettings = {
				GCC_PRECOMPILE_PREFIX_HEADER = YES;
				GCC_PREFIX_HEADER = "XPC Calc Service/XPC Calc Service-Prefix.pch";
				INFOPLIST_FILE = "XPC Calc Service/XPC Calc Service-Info.plist";
				MACH_O_TYPE = mh_execute;
				PRODUCT_NAME = "$(TARGET_NAME)";
				WRAPPER_EXTENSION = xpc;
			};
			name = Debug;
		};
		EF8DAA5213EE165600FF10E9 /* Release */ = {
			isa = XCBuildConfiguration;
			buildSettings = {
				GCC_PRECOMPILE_PREFIX_HEADER = YES;
				GCC_PREFIX_HEADER = "XPC Calc Service/XPC Calc Service-Prefix.pch";
				INFOPLIST_FILE = "XPC Calc Service/XPC Calc Service-Info.plist";
				MACH_O_TYPE = mh_execute;
				PRODUCT_NAME = "$(TARGET_NAME)";
				WRAPPER_EXTENSION = xpc;
			};
			name = Release;
		};
		EFEDB31813EEFE6400430981 /* Debug */ = {
			isa = XCBuildConfiguration;
			buildSettings = {
				GCC_PRECOMPILE_PREFIX_HEADER = YES;
				GCC_PREFIX_HEADER = "xpc-calc-service-hs/xpc-calc-service-hs-Prefix.pch";
				INFOPLIST_FILE = "xpc-calc-service-hs/xpc-calc-service-hs-Info.plist";
				MACH_O_TYPE = mh_execute;
				PRODUCT_NAME = "$(TARGET_NAME)";
				WRAPPER_EXTENSION = xpc;
			};
			name = Debug;
		};
		EFEDB31913EEFE6400430981 /* Release */ = {
			isa = XCBuildConfiguration;
			buildSettings = {
				GCC_PRECOMPILE_PREFIX_HEADER = YES;
				GCC_PREFIX_HEADER = "xpc-calc-service-hs/xpc-calc-service-hs-Prefix.pch";
				INFOPLIST_FILE = "xpc-calc-service-hs/xpc-calc-service-hs-Info.plist";
				MACH_O_TYPE = mh_execute;
				PRODUCT_NAME = "$(TARGET_NAME)";
				WRAPPER_EXTENSION = xpc;
			};
			name = Release;
		};
/* End XCBuildConfiguration section */

/* Begin XCConfigurationList section */
		EF8DAA1813EE163300FF10E9 /* Build configuration list for PBXProject "XPC Calc" */ = {
			isa = XCConfigurationList;
			buildConfigurations = (
				EF8DAA3D13EE163400FF10E9 /* Debug */,
				EF8DAA3E13EE163400FF10E9 /* Release */,
			);
			defaultConfigurationIsVisible = 0;
			defaultConfigurationName = Release;
		};
		EF8DAA3F13EE163400FF10E9 /* Build configuration list for PBXNativeTarget "XPC Calc" */ = {
			isa = XCConfigurationList;
			buildConfigurations = (
				EF8DAA4013EE163400FF10E9 /* Debug */,
				EF8DAA4113EE163400FF10E9 /* Release */,
			);
			defaultConfigurationIsVisible = 0;
			defaultConfigurationName = Release;
		};
		EF8DAA5013EE165600FF10E9 /* Build configuration list for PBXNativeTarget "xpc-calc-service" */ = {
			isa = XCConfigurationList;
			buildConfigurations = (
				EF8DAA5113EE165600FF10E9 /* Debug */,
				EF8DAA5213EE165600FF10E9 /* Release */,
			);
			defaultConfigurationIsVisible = 0;
			defaultConfigurationName = Release;
		};
		EFEDB31713EEFE6400430981 /* Build configuration list for PBXNativeTarget "xpc-calc-service-hs" */ = {
			isa = XCConfigurationList;
			buildConfigurations = (
				EFEDB31813EEFE6400430981 /* Debug */,
				EFEDB31913EEFE6400430981 /* Release */,
			);
			defaultConfigurationIsVisible = 0;
			defaultConfigurationName = Release;
		};
/* End XCConfigurationList section */
	};
	rootObject = EF8DAA1513EE163300FF10E9 /* Project object */;
}
